// !$*UTF8*$!
{
	archiveVersion = 1;
	classes = {
	};
	objectVersion = 55;
	objects = {

/* Begin PBXBuildFile section */
		D01307B1296FF19200672422 /* ReviewListViewController.swift in Sources */ = {isa = PBXBuildFile; fileRef = D01307B0296FF19200672422 /* ReviewListViewController.swift */; };
		D01307B3296FF1BF00672422 /* ReviewListCell.swift in Sources */ = {isa = PBXBuildFile; fileRef = D01307B2296FF1BF00672422 /* ReviewListCell.swift */; };
		D01307B5296FFB1900672422 /* MyRamenListViewController.swift in Sources */ = {isa = PBXBuildFile; fileRef = D01307B4296FFB1900672422 /* MyRamenListViewController.swift */; };
		D01307B7296FFB8E00672422 /* MyRamenListCell.swift in Sources */ = {isa = PBXBuildFile; fileRef = D01307B6296FFB8E00672422 /* MyRamenListCell.swift */; };
		D013084C2972747800672422 /* BlackHanSans-Regular.ttf in Resources */ = {isa = PBXBuildFile; fileRef = D013084B2972747800672422 /* BlackHanSans-Regular.ttf */; };
		D013084E2972748300672422 /* Recipekorea.ttf in Resources */ = {isa = PBXBuildFile; fileRef = D013084D2972748300672422 /* Recipekorea.ttf */; };
		D01308532976699100672422 /* RamenStore.swift in Sources */ = {isa = PBXBuildFile; fileRef = D01308522976699000672422 /* RamenStore.swift */; };
		D01308562976B4B000672422 /* RamenImage.swift in Sources */ = {isa = PBXBuildFile; fileRef = D01308552976B4AF00672422 /* RamenImage.swift */; };
		D013087A2977C9E600672422 /* RegionPickerController.swift in Sources */ = {isa = PBXBuildFile; fileRef = D01308792977C9E600672422 /* RegionPickerController.swift */; };
		D01308C529799D6200672422 /* Alamofire in Frameworks */ = {isa = PBXBuildFile; productRef = D01308C429799D6200672422 /* Alamofire */; };
		D0459DB6298121D700FFE9E3 /* ReviewViewController.swift in Sources */ = {isa = PBXBuildFile; fileRef = D0459DB5298121D700FFE9E3 /* ReviewViewController.swift */; };
		D0797CF92959913900B14AC8 /* AppDelegate.swift in Sources */ = {isa = PBXBuildFile; fileRef = D0797CF82959913900B14AC8 /* AppDelegate.swift */; };
		D0797CFB2959913900B14AC8 /* SceneDelegate.swift in Sources */ = {isa = PBXBuildFile; fileRef = D0797CFA2959913900B14AC8 /* SceneDelegate.swift */; };
		D0797CFD2959913900B14AC8 /* HomeViewController.swift in Sources */ = {isa = PBXBuildFile; fileRef = D0797CFC2959913900B14AC8 /* HomeViewController.swift */; };
		D0797D002959913900B14AC8 /* Main.storyboard in Resources */ = {isa = PBXBuildFile; fileRef = D0797CFE2959913900B14AC8 /* Main.storyboard */; };
		D0797D022959913A00B14AC8 /* Assets.xcassets in Resources */ = {isa = PBXBuildFile; fileRef = D0797D012959913A00B14AC8 /* Assets.xcassets */; };
		D0797D052959913A00B14AC8 /* LaunchScreen.storyboard in Resources */ = {isa = PBXBuildFile; fileRef = D0797D032959913A00B14AC8 /* LaunchScreen.storyboard */; };
		D0797D0D2959936900B14AC8 /* CollectionViewCell.swift in Sources */ = {isa = PBXBuildFile; fileRef = D0797D0C2959936900B14AC8 /* CollectionViewCell.swift */; };
		D0B170C7295D39EA002AD35D /* SearchViewController.swift in Sources */ = {isa = PBXBuildFile; fileRef = D0B170C6295D39EA002AD35D /* SearchViewController.swift */; };
		D0B171BE2966D738002AD35D /* SearchViewCell.swift in Sources */ = {isa = PBXBuildFile; fileRef = D0B171BD2966D738002AD35D /* SearchViewCell.swift */; };
		D0B171C0296D6C1A002AD35D /* DetailViewController.swift in Sources */ = {isa = PBXBuildFile; fileRef = D0B171BF296D6C1A002AD35D /* DetailViewController.swift */; };
		D0B171C2296EA9E0002AD35D /* StarRatingUISlider.swift in Sources */ = {isa = PBXBuildFile; fileRef = D0B171C1296EA9E0002AD35D /* StarRatingUISlider.swift */; };
		D0B171C4296ED964002AD35D /* MyListViewController.swift in Sources */ = {isa = PBXBuildFile; fileRef = D0B171C3296ED964002AD35D /* MyListViewController.swift */; };
		D0B171C6296EF4C5002AD35D /* MyListCell.swift in Sources */ = {isa = PBXBuildFile; fileRef = D0B171C5296EF4C5002AD35D /* MyListCell.swift */; };
		D0BB719429B87037002C47D0 /* MyRamenListData.swift in Sources */ = {isa = PBXBuildFile; fileRef = D0BB719329B87037002C47D0 /* MyRamenListData.swift */; };
		D0BB719629B8703E002C47D0 /* GoodListData.swift in Sources */ = {isa = PBXBuildFile; fileRef = D0BB719529B8703E002C47D0 /* GoodListData.swift */; };
		D0BB8AB529C42F95000DE01E /* CustomColor.swift in Sources */ = {isa = PBXBuildFile; fileRef = D0BB8AB429C42F95000DE01E /* CustomColor.swift */; };
		D0BB8AB729C979EE000DE01E /* RamenInfo.plist in Resources */ = {isa = PBXBuildFile; fileRef = D0BB8AB629C979EE000DE01E /* RamenInfo.plist */; };
		D0BB8AB929C97AF7000DE01E /* AboutRamen++Bundle.swift in Sources */ = {isa = PBXBuildFile; fileRef = D0BB8AB829C97AF7000DE01E /* AboutRamen++Bundle.swift */; };
		D0D71EB929AC5A0A00D40C62 /* CALayer+.swift in Sources */ = {isa = PBXBuildFile; fileRef = D0D71EB829AC5A0A00D40C62 /* CALayer+.swift */; };
		D0E23DDC299F3BE9006C1C7C /* Realm in Frameworks */ = {isa = PBXBuildFile; productRef = D0E23DDB299F3BE9006C1C7C /* Realm */; };
		D0E23DDE299F3BE9006C1C7C /* RealmSwift in Frameworks */ = {isa = PBXBuildFile; productRef = D0E23DDD299F3BE9006C1C7C /* RealmSwift */; };
		D0E23DE429A46D68006C1C7C /* RatingView.swift in Sources */ = {isa = PBXBuildFile; fileRef = D0E23DE329A46D68006C1C7C /* RatingView.swift */; };
		D0E8154129978BD7007DBC55 /* UIViewController+.swift in Sources */ = {isa = PBXBuildFile; fileRef = D0E8154029978BD7007DBC55 /* UIViewController+.swift */; };
		D0E8154F2999E4C7007DBC55 /* RegionData.swift in Sources */ = {isa = PBXBuildFile; fileRef = D0E8154E2999E4C7007DBC55 /* RegionData.swift */; };
		D0E815512999E4CC007DBC55 /* ReviewListData.swift in Sources */ = {isa = PBXBuildFile; fileRef = D0E815502999E4CC007DBC55 /* ReviewListData.swift */; };
		D0F15DE72988E4AF00A48EE5 /* Kingfisher in Frameworks */ = {isa = PBXBuildFile; productRef = D0F15DE62988E4AF00A48EE5 /* Kingfisher */; };
/* End PBXBuildFile section */

/* Begin PBXCopyFilesBuildPhase section */
		D0BB121C295AE625001E33A6 /* Embed Frameworks */ = {
			isa = PBXCopyFilesBuildPhase;
			buildActionMask = 2147483647;
			dstPath = "";
			dstSubfolderSpec = 10;
			files = (
			);
			name = "Embed Frameworks";
			runOnlyForDeploymentPostprocessing = 0;
		};
/* End PBXCopyFilesBuildPhase section */

/* Begin PBXFileReference section */
		D01307B0296FF19200672422 /* ReviewListViewController.swift */ = {isa = PBXFileReference; lastKnownFileType = sourcecode.swift; path = ReviewListViewController.swift; sourceTree = "<group>"; };
		D01307B2296FF1BF00672422 /* ReviewListCell.swift */ = {isa = PBXFileReference; lastKnownFileType = sourcecode.swift; path = ReviewListCell.swift; sourceTree = "<group>"; };
		D01307B4296FFB1900672422 /* MyRamenListViewController.swift */ = {isa = PBXFileReference; lastKnownFileType = sourcecode.swift; name = MyRamenListViewController.swift; path = AboutRamen/Controller/ListTab/MyRamenListViewController.swift; sourceTree = SOURCE_ROOT; };
		D01307B6296FFB8E00672422 /* MyRamenListCell.swift */ = {isa = PBXFileReference; lastKnownFileType = sourcecode.swift; path = MyRamenListCell.swift; sourceTree = "<group>"; };
		D013084B2972747800672422 /* BlackHanSans-Regular.ttf */ = {isa = PBXFileReference; lastKnownFileType = file; path = "BlackHanSans-Regular.ttf"; sourceTree = "<group>"; };
		D013084D2972748300672422 /* Recipekorea.ttf */ = {isa = PBXFileReference; lastKnownFileType = file; path = Recipekorea.ttf; sourceTree = "<group>"; };
		D01308522976699000672422 /* RamenStore.swift */ = {isa = PBXFileReference; lastKnownFileType = sourcecode.swift; path = RamenStore.swift; sourceTree = "<group>"; };
		D01308552976B4AF00672422 /* RamenImage.swift */ = {isa = PBXFileReference; lastKnownFileType = sourcecode.swift; path = RamenImage.swift; sourceTree = "<group>"; };
		D01308792977C9E600672422 /* RegionPickerController.swift */ = {isa = PBXFileReference; lastKnownFileType = sourcecode.swift; path = RegionPickerController.swift; sourceTree = "<group>"; };
		D0459DB5298121D700FFE9E3 /* ReviewViewController.swift */ = {isa = PBXFileReference; lastKnownFileType = sourcecode.swift; path = ReviewViewController.swift; sourceTree = "<group>"; };
		D0797CF52959913900B14AC8 /* AboutRamen.app */ = {isa = PBXFileReference; explicitFileType = wrapper.application; includeInIndex = 0; path = AboutRamen.app; sourceTree = BUILT_PRODUCTS_DIR; };
		D0797CF82959913900B14AC8 /* AppDelegate.swift */ = {isa = PBXFileReference; lastKnownFileType = sourcecode.swift; path = AppDelegate.swift; sourceTree = "<group>"; };
		D0797CFA2959913900B14AC8 /* SceneDelegate.swift */ = {isa = PBXFileReference; lastKnownFileType = sourcecode.swift; path = SceneDelegate.swift; sourceTree = "<group>"; };
		D0797CFC2959913900B14AC8 /* HomeViewController.swift */ = {isa = PBXFileReference; lastKnownFileType = sourcecode.swift; path = HomeViewController.swift; sourceTree = "<group>"; };
		D0797CFF2959913900B14AC8 /* Base */ = {isa = PBXFileReference; lastKnownFileType = file.storyboard; name = Base; path = Base.lproj/Main.storyboard; sourceTree = "<group>"; };
		D0797D012959913A00B14AC8 /* Assets.xcassets */ = {isa = PBXFileReference; lastKnownFileType = folder.assetcatalog; path = Assets.xcassets; sourceTree = "<group>"; };
		D0797D042959913A00B14AC8 /* Base */ = {isa = PBXFileReference; lastKnownFileType = file.storyboard; name = Base; path = Base.lproj/LaunchScreen.storyboard; sourceTree = "<group>"; };
		D0797D062959913A00B14AC8 /* Info.plist */ = {isa = PBXFileReference; lastKnownFileType = text.plist.xml; path = Info.plist; sourceTree = "<group>"; };
		D0797D0C2959936900B14AC8 /* CollectionViewCell.swift */ = {isa = PBXFileReference; lastKnownFileType = sourcecode.swift; path = CollectionViewCell.swift; sourceTree = "<group>"; };
		D0B170C6295D39EA002AD35D /* SearchViewController.swift */ = {isa = PBXFileReference; lastKnownFileType = sourcecode.swift; path = SearchViewController.swift; sourceTree = "<group>"; };
		D0B171BD2966D738002AD35D /* SearchViewCell.swift */ = {isa = PBXFileReference; lastKnownFileType = sourcecode.swift; path = SearchViewCell.swift; sourceTree = "<group>"; };
		D0B171BF296D6C1A002AD35D /* DetailViewController.swift */ = {isa = PBXFileReference; lastKnownFileType = sourcecode.swift; path = DetailViewController.swift; sourceTree = "<group>"; };
		D0B171C1296EA9E0002AD35D /* StarRatingUISlider.swift */ = {isa = PBXFileReference; lastKnownFileType = sourcecode.swift; path = StarRatingUISlider.swift; sourceTree = "<group>"; };
		D0B171C3296ED964002AD35D /* MyListViewController.swift */ = {isa = PBXFileReference; lastKnownFileType = sourcecode.swift; path = MyListViewController.swift; sourceTree = "<group>"; };
		D0B171C5296EF4C5002AD35D /* MyListCell.swift */ = {isa = PBXFileReference; lastKnownFileType = sourcecode.swift; name = MyListCell.swift; path = AboutRamen/View/MyListCell.swift; sourceTree = SOURCE_ROOT; };
		D0BB719329B87037002C47D0 /* MyRamenListData.swift */ = {isa = PBXFileReference; fileEncoding = 4; lastKnownFileType = sourcecode.swift; path = MyRamenListData.swift; sourceTree = "<group>"; };
		D0BB719529B8703E002C47D0 /* GoodListData.swift */ = {isa = PBXFileReference; fileEncoding = 4; lastKnownFileType = sourcecode.swift; path = GoodListData.swift; sourceTree = "<group>"; };
		D0BB8AB429C42F95000DE01E /* CustomColor.swift */ = {isa = PBXFileReference; lastKnownFileType = sourcecode.swift; path = CustomColor.swift; sourceTree = "<group>"; };
		D0BB8AB629C979EE000DE01E /* RamenInfo.plist */ = {isa = PBXFileReference; lastKnownFileType = text.plist.xml; path = RamenInfo.plist; sourceTree = "<group>"; };
		D0BB8AB829C97AF7000DE01E /* AboutRamen++Bundle.swift */ = {isa = PBXFileReference; lastKnownFileType = sourcecode.swift; path = "AboutRamen++Bundle.swift"; sourceTree = "<group>"; };
		D0D71EB829AC5A0A00D40C62 /* CALayer+.swift */ = {isa = PBXFileReference; lastKnownFileType = sourcecode.swift; path = "CALayer+.swift"; sourceTree = "<group>"; };
		D0E23DE329A46D68006C1C7C /* RatingView.swift */ = {isa = PBXFileReference; lastKnownFileType = sourcecode.swift; path = RatingView.swift; sourceTree = "<group>"; };
		D0E8154029978BD7007DBC55 /* UIViewController+.swift */ = {isa = PBXFileReference; lastKnownFileType = sourcecode.swift; path = "UIViewController+.swift"; sourceTree = "<group>"; };
		D0E8154E2999E4C7007DBC55 /* RegionData.swift */ = {isa = PBXFileReference; fileEncoding = 4; lastKnownFileType = sourcecode.swift; path = RegionData.swift; sourceTree = "<group>"; };
		D0E815502999E4CC007DBC55 /* ReviewListData.swift */ = {isa = PBXFileReference; fileEncoding = 4; lastKnownFileType = sourcecode.swift; path = ReviewListData.swift; sourceTree = "<group>"; };
/* End PBXFileReference section */

/* Begin PBXFrameworksBuildPhase section */
		D0797CF22959913900B14AC8 /* Frameworks */ = {
			isa = PBXFrameworksBuildPhase;
			buildActionMask = 2147483647;
			files = (
				D0E23DDE299F3BE9006C1C7C /* RealmSwift in Frameworks */,
				D0E23DDC299F3BE9006C1C7C /* Realm in Frameworks */,
				D0F15DE72988E4AF00A48EE5 /* Kingfisher in Frameworks */,
				D01308C529799D6200672422 /* Alamofire in Frameworks */,
			);
			runOnlyForDeploymentPostprocessing = 0;
		};
/* End PBXFrameworksBuildPhase section */

/* Begin PBXGroup section */
		D013084F29727CF300672422 /* HomeTab */ = {
			isa = PBXGroup;
			children = (
				D0797CFC2959913900B14AC8 /* HomeViewController.swift */,
				D0B171BF296D6C1A002AD35D /* DetailViewController.swift */,
				D01308792977C9E600672422 /* RegionPickerController.swift */,
				D0459DB5298121D700FFE9E3 /* ReviewViewController.swift */,
			);
			path = HomeTab;
			sourceTree = "<group>";
		};
		D013085029727D3F00672422 /* ListTab */ = {
			isa = PBXGroup;
			children = (
				D0B171C3296ED964002AD35D /* MyListViewController.swift */,
				D01307B0296FF19200672422 /* ReviewListViewController.swift */,
				D01307B4296FFB1900672422 /* MyRamenListViewController.swift */,
			);
			path = ListTab;
			sourceTree = "<group>";
		};
		D013085129727D5400672422 /* SearchTab */ = {
			isa = PBXGroup;
			children = (
				D0B170C6295D39EA002AD35D /* SearchViewController.swift */,
			);
			path = SearchTab;
			sourceTree = "<group>";
		};
		D0130854297669A100672422 /* Model */ = {
			isa = PBXGroup;
			children = (
				D01308522976699000672422 /* RamenStore.swift */,
				D01308552976B4AF00672422 /* RamenImage.swift */,
				D0E8154E2999E4C7007DBC55 /* RegionData.swift */,
				D0BB719529B8703E002C47D0 /* GoodListData.swift */,
				D0E815502999E4CC007DBC55 /* ReviewListData.swift */,
				D0BB719329B87037002C47D0 /* MyRamenListData.swift */,
			);
			path = Model;
			sourceTree = "<group>";
		};
		D0797CEC2959913900B14AC8 = {
			isa = PBXGroup;
			children = (
				D0B171BC2966D46C002AD35D /* Resource */,
				D0797CF72959913900B14AC8 /* AboutRamen */,
				D0797CF62959913900B14AC8 /* Products */,
			);
			sourceTree = "<group>";
		};
		D0797CF62959913900B14AC8 /* Products */ = {
			isa = PBXGroup;
			children = (
				D0797CF52959913900B14AC8 /* AboutRamen.app */,
			);
			name = Products;
			sourceTree = "<group>";
		};
		D0797CF72959913900B14AC8 /* AboutRamen */ = {
			isa = PBXGroup;
			children = (
				D0797CFA2959913900B14AC8 /* SceneDelegate.swift */,
				D0797CF82959913900B14AC8 /* AppDelegate.swift */,
				D0E23DE129A46D38006C1C7C /* Common */,
				D0130854297669A100672422 /* Model */,
				D0B171BA2966D449002AD35D /* Controller */,
				D0B171BB2966D460002AD35D /* View */,
				D0E8153F29978BA9007DBC55 /* Alert */,
				D0797D062959913A00B14AC8 /* Info.plist */,
				D0BB8AB629C979EE000DE01E /* RamenInfo.plist */,
				D0BB8AB829C97AF7000DE01E /* AboutRamen++Bundle.swift */,
				D0BB11F92959C7FF001E33A6 /* Fonts */,
			);
			path = AboutRamen;
			sourceTree = "<group>";
		};
		D0B171BA2966D449002AD35D /* Controller */ = {
			isa = PBXGroup;
			children = (
				D013084F29727CF300672422 /* HomeTab */,
				D013085129727D5400672422 /* SearchTab */,
				D013085029727D3F00672422 /* ListTab */,
			);
			path = Controller;
			sourceTree = "<group>";
		};
		D0B171BB2966D460002AD35D /* View */ = {
			isa = PBXGroup;
			children = (
				D0797D0C2959936900B14AC8 /* CollectionViewCell.swift */,
				D0B171BD2966D738002AD35D /* SearchViewCell.swift */,
				D0B171C1296EA9E0002AD35D /* StarRatingUISlider.swift */,
				D0B171C5296EF4C5002AD35D /* MyListCell.swift */,
				D01307B2296FF1BF00672422 /* ReviewListCell.swift */,
				D01307B6296FFB8E00672422 /* MyRamenListCell.swift */,
			);
			path = View;
			sourceTree = "<group>";
		};
		D0B171BC2966D46C002AD35D /* Resource */ = {
			isa = PBXGroup;
			children = (
				D0797CFE2959913900B14AC8 /* Main.storyboard */,
				D0797D012959913A00B14AC8 /* Assets.xcassets */,
				D0797D032959913A00B14AC8 /* LaunchScreen.storyboard */,
			);
			name = Resource;
			path = AboutRamen/Resource;
			sourceTree = "<group>";
		};
		D0BB11F92959C7FF001E33A6 /* Fonts */ = {
			isa = PBXGroup;
			children = (
				D013084B2972747800672422 /* BlackHanSans-Regular.ttf */,
				D013084D2972748300672422 /* Recipekorea.ttf */,
			);
			path = Fonts;
			sourceTree = "<group>";
		};
		D0E23DE129A46D38006C1C7C /* Common */ = {
			isa = PBXGroup;
			children = (
				D0E23DE329A46D68006C1C7C /* RatingView.swift */,
				D0D71EB829AC5A0A00D40C62 /* CALayer+.swift */,
				D0BB8AB429C42F95000DE01E /* CustomColor.swift */,
			);
			path = Common;
			sourceTree = "<group>";
		};
		D0E8153F29978BA9007DBC55 /* Alert */ = {
			isa = PBXGroup;
			children = (
				D0E8154029978BD7007DBC55 /* UIViewController+.swift */,
			);
			path = Alert;
			sourceTree = "<group>";
		};
/* End PBXGroup section */

/* Begin PBXNativeTarget section */
		D0797CF42959913900B14AC8 /* AboutRamen */ = {
			isa = PBXNativeTarget;
			buildConfigurationList = D0797D092959913A00B14AC8 /* Build configuration list for PBXNativeTarget "AboutRamen" */;
			buildPhases = (
				D0797CF12959913900B14AC8 /* Sources */,
				D0797CF22959913900B14AC8 /* Frameworks */,
				D0797CF32959913900B14AC8 /* Resources */,
				D0BB121C295AE625001E33A6 /* Embed Frameworks */,
			);
			buildRules = (
			);
			dependencies = (
			);
			name = AboutRamen;
			packageProductDependencies = (
				D01308C429799D6200672422 /* Alamofire */,
				D0F15DE62988E4AF00A48EE5 /* Kingfisher */,
				D0E23DDB299F3BE9006C1C7C /* Realm */,
				D0E23DDD299F3BE9006C1C7C /* RealmSwift */,
			);
			productName = AboutRamen;
			productReference = D0797CF52959913900B14AC8 /* AboutRamen.app */;
			productType = "com.apple.product-type.application";
		};
/* End PBXNativeTarget section */

/* Begin PBXProject section */
		D0797CED2959913900B14AC8 /* Project object */ = {
			isa = PBXProject;
			attributes = {
				BuildIndependentTargetsInParallel = 1;
				LastSwiftUpdateCheck = 1340;
				LastUpgradeCheck = 1340;
				TargetAttributes = {
					D0797CF42959913900B14AC8 = {
						CreatedOnToolsVersion = 13.4.1;
					};
				};
			};
			buildConfigurationList = D0797CF02959913900B14AC8 /* Build configuration list for PBXProject "AboutRamen" */;
			compatibilityVersion = "Xcode 13.0";
			developmentRegion = en;
			hasScannedForEncodings = 0;
			knownRegions = (
				en,
				Base,
			);
			mainGroup = D0797CEC2959913900B14AC8;
			packageReferences = (
				D01308C329799D6100672422 /* XCRemoteSwiftPackageReference "Alamofire" */,
				D0F15DE52988E4AF00A48EE5 /* XCRemoteSwiftPackageReference "Kingfisher" */,
				D0E23DDA299F3BE9006C1C7C /* XCRemoteSwiftPackageReference "realm-swift" */,
			);
			productRefGroup = D0797CF62959913900B14AC8 /* Products */;
			projectDirPath = "";
			projectRoot = "";
			targets = (
				D0797CF42959913900B14AC8 /* AboutRamen */,
			);
		};
/* End PBXProject section */

/* Begin PBXResourcesBuildPhase section */
		D0797CF32959913900B14AC8 /* Resources */ = {
			isa = PBXResourcesBuildPhase;
			buildActionMask = 2147483647;
			files = (
				D013084C2972747800672422 /* BlackHanSans-Regular.ttf in Resources */,
				D0797D052959913A00B14AC8 /* LaunchScreen.storyboard in Resources */,
				D0BB8AB729C979EE000DE01E /* RamenInfo.plist in Resources */,
				D013084E2972748300672422 /* Recipekorea.ttf in Resources */,
				D0797D022959913A00B14AC8 /* Assets.xcassets in Resources */,
				D0797D002959913900B14AC8 /* Main.storyboard in Resources */,
			);
			runOnlyForDeploymentPostprocessing = 0;
		};
/* End PBXResourcesBuildPhase section */

/* Begin PBXSourcesBuildPhase section */
		D0797CF12959913900B14AC8 /* Sources */ = {
			isa = PBXSourcesBuildPhase;
			buildActionMask = 2147483647;
			files = (
				D0459DB6298121D700FFE9E3 /* ReviewViewController.swift in Sources */,
				D01308532976699100672422 /* RamenStore.swift in Sources */,
				D01307B3296FF1BF00672422 /* ReviewListCell.swift in Sources */,
				D0D71EB929AC5A0A00D40C62 /* CALayer+.swift in Sources */,
				D0B171C6296EF4C5002AD35D /* MyListCell.swift in Sources */,
				D0E815512999E4CC007DBC55 /* ReviewListData.swift in Sources */,
				D01308562976B4B000672422 /* RamenImage.swift in Sources */,
				D0BB719629B8703E002C47D0 /* GoodListData.swift in Sources */,
				D0BB719429B87037002C47D0 /* MyRamenListData.swift in Sources */,
				D013087A2977C9E600672422 /* RegionPickerController.swift in Sources */,
				D0BB8AB929C97AF7000DE01E /* AboutRamen++Bundle.swift in Sources */,
				D0B170C7295D39EA002AD35D /* SearchViewController.swift in Sources */,
				D0E23DE429A46D68006C1C7C /* RatingView.swift in Sources */,
				D0B171BE2966D738002AD35D /* SearchViewCell.swift in Sources */,
				D0BB8AB529C42F95000DE01E /* CustomColor.swift in Sources */,
				D0E8154129978BD7007DBC55 /* UIViewController+.swift in Sources */,
				D01307B1296FF19200672422 /* ReviewListViewController.swift in Sources */,
				D0B171C4296ED964002AD35D /* MyListViewController.swift in Sources */,
				D0797CFD2959913900B14AC8 /* HomeViewController.swift in Sources */,
				D0797CF92959913900B14AC8 /* AppDelegate.swift in Sources */,
				D0797D0D2959936900B14AC8 /* CollectionViewCell.swift in Sources */,
				D0E8154F2999E4C7007DBC55 /* RegionData.swift in Sources */,
				D01307B7296FFB8E00672422 /* MyRamenListCell.swift in Sources */,
				D01307B5296FFB1900672422 /* MyRamenListViewController.swift in Sources */,
				D0797CFB2959913900B14AC8 /* SceneDelegate.swift in Sources */,
				D0B171C0296D6C1A002AD35D /* DetailViewController.swift in Sources */,
				D0B171C2296EA9E0002AD35D /* StarRatingUISlider.swift in Sources */,
			);
			runOnlyForDeploymentPostprocessing = 0;
		};
/* End PBXSourcesBuildPhase section */

/* Begin PBXVariantGroup section */
		D0797CFE2959913900B14AC8 /* Main.storyboard */ = {
			isa = PBXVariantGroup;
			children = (
				D0797CFF2959913900B14AC8 /* Base */,
			);
			name = Main.storyboard;
			sourceTree = "<group>";
		};
		D0797D032959913A00B14AC8 /* LaunchScreen.storyboard */ = {
			isa = PBXVariantGroup;
			children = (
				D0797D042959913A00B14AC8 /* Base */,
			);
			name = LaunchScreen.storyboard;
			sourceTree = "<group>";
			usesTabs = 0;
		};
/* End PBXVariantGroup section */

/* Begin XCBuildConfiguration section */
		D0797D072959913A00B14AC8 /* Debug */ = {
			isa = XCBuildConfiguration;
			buildSettings = {
				ALWAYS_SEARCH_USER_PATHS = NO;
				CLANG_ANALYZER_NONNULL = YES;
				CLANG_ANALYZER_NUMBER_OBJECT_CONVERSION = YES_AGGRESSIVE;
				CLANG_CXX_LANGUAGE_STANDARD = "gnu++17";
				CLANG_ENABLE_MODULES = YES;
				CLANG_ENABLE_OBJC_ARC = YES;
				CLANG_ENABLE_OBJC_WEAK = YES;
				CLANG_WARN_BLOCK_CAPTURE_AUTORELEASING = YES;
				CLANG_WARN_BOOL_CONVERSION = YES;
				CLANG_WARN_COMMA = YES;
				CLANG_WARN_CONSTANT_CONVERSION = YES;
				CLANG_WARN_DEPRECATED_OBJC_IMPLEMENTATIONS = YES;
				CLANG_WARN_DIRECT_OBJC_ISA_USAGE = YES_ERROR;
				CLANG_WARN_DOCUMENTATION_COMMENTS = YES;
				CLANG_WARN_EMPTY_BODY = YES;
				CLANG_WARN_ENUM_CONVERSION = YES;
				CLANG_WARN_INFINITE_RECURSION = YES;
				CLANG_WARN_INT_CONVERSION = YES;
				CLANG_WARN_NON_LITERAL_NULL_CONVERSION = YES;
				CLANG_WARN_OBJC_IMPLICIT_RETAIN_SELF = YES;
				CLANG_WARN_OBJC_LITERAL_CONVERSION = YES;
				CLANG_WARN_OBJC_ROOT_CLASS = YES_ERROR;
				CLANG_WARN_QUOTED_INCLUDE_IN_FRAMEWORK_HEADER = YES;
				CLANG_WARN_RANGE_LOOP_ANALYSIS = YES;
				CLANG_WARN_STRICT_PROTOTYPES = YES;
				CLANG_WARN_SUSPICIOUS_MOVE = YES;
				CLANG_WARN_UNGUARDED_AVAILABILITY = YES_AGGRESSIVE;
				CLANG_WARN_UNREACHABLE_CODE = YES;
				CLANG_WARN__DUPLICATE_METHOD_MATCH = YES;
				COPY_PHASE_STRIP = NO;
				DEBUG_INFORMATION_FORMAT = dwarf;
				ENABLE_STRICT_OBJC_MSGSEND = YES;
				ENABLE_TESTABILITY = YES;
				GCC_C_LANGUAGE_STANDARD = gnu11;
				GCC_DYNAMIC_NO_PIC = NO;
				GCC_NO_COMMON_BLOCKS = YES;
				GCC_OPTIMIZATION_LEVEL = 0;
				GCC_PREPROCESSOR_DEFINITIONS = (
					"DEBUG=1",
					"$(inherited)",
				);
				GCC_WARN_64_TO_32_BIT_CONVERSION = YES;
				GCC_WARN_ABOUT_RETURN_TYPE = YES_ERROR;
				GCC_WARN_UNDECLARED_SELECTOR = YES;
				GCC_WARN_UNINITIALIZED_AUTOS = YES_AGGRESSIVE;
				GCC_WARN_UNUSED_FUNCTION = YES;
				GCC_WARN_UNUSED_VARIABLE = YES;
				IPHONEOS_DEPLOYMENT_TARGET = 15.5;
				MTL_ENABLE_DEBUG_INFO = INCLUDE_SOURCE;
				MTL_FAST_MATH = YES;
				ONLY_ACTIVE_ARCH = YES;
				SDKROOT = iphoneos;
				SWIFT_ACTIVE_COMPILATION_CONDITIONS = DEBUG;
				SWIFT_OPTIMIZATION_LEVEL = "-Onone";
			};
			name = Debug;
		};
		D0797D082959913A00B14AC8 /* Release */ = {
			isa = XCBuildConfiguration;
			buildSettings = {
				ALWAYS_SEARCH_USER_PATHS = NO;
				CLANG_ANALYZER_NONNULL = YES;
				CLANG_ANALYZER_NUMBER_OBJECT_CONVERSION = YES_AGGRESSIVE;
				CLANG_CXX_LANGUAGE_STANDARD = "gnu++17";
				CLANG_ENABLE_MODULES = YES;
				CLANG_ENABLE_OBJC_ARC = YES;
				CLANG_ENABLE_OBJC_WEAK = YES;
				CLANG_WARN_BLOCK_CAPTURE_AUTORELEASING = YES;
				CLANG_WARN_BOOL_CONVERSION = YES;
				CLANG_WARN_COMMA = YES;
				CLANG_WARN_CONSTANT_CONVERSION = YES;
				CLANG_WARN_DEPRECATED_OBJC_IMPLEMENTATIONS = YES;
				CLANG_WARN_DIRECT_OBJC_ISA_USAGE = YES_ERROR;
				CLANG_WARN_DOCUMENTATION_COMMENTS = YES;
				CLANG_WARN_EMPTY_BODY = YES;
				CLANG_WARN_ENUM_CONVERSION = YES;
				CLANG_WARN_INFINITE_RECURSION = YES;
				CLANG_WARN_INT_CONVERSION = YES;
				CLANG_WARN_NON_LITERAL_NULL_CONVERSION = YES;
				CLANG_WARN_OBJC_IMPLICIT_RETAIN_SELF = YES;
				CLANG_WARN_OBJC_LITERAL_CONVERSION = YES;
				CLANG_WARN_OBJC_ROOT_CLASS = YES_ERROR;
				CLANG_WARN_QUOTED_INCLUDE_IN_FRAMEWORK_HEADER = YES;
				CLANG_WARN_RANGE_LOOP_ANALYSIS = YES;
				CLANG_WARN_STRICT_PROTOTYPES = YES;
				CLANG_WARN_SUSPICIOUS_MOVE = YES;
				CLANG_WARN_UNGUARDED_AVAILABILITY = YES_AGGRESSIVE;
				CLANG_WARN_UNREACHABLE_CODE = YES;
				CLANG_WARN__DUPLICATE_METHOD_MATCH = YES;
				COPY_PHASE_STRIP = NO;
				DEBUG_INFORMATION_FORMAT = "dwarf-with-dsym";
				ENABLE_NS_ASSERTIONS = NO;
				ENABLE_STRICT_OBJC_MSGSEND = YES;
				GCC_C_LANGUAGE_STANDARD = gnu11;
				GCC_NO_COMMON_BLOCKS = YES;
				GCC_WARN_64_TO_32_BIT_CONVERSION = YES;
				GCC_WARN_ABOUT_RETURN_TYPE = YES_ERROR;
				GCC_WARN_UNDECLARED_SELECTOR = YES;
				GCC_WARN_UNINITIALIZED_AUTOS = YES_AGGRESSIVE;
				GCC_WARN_UNUSED_FUNCTION = YES;
				GCC_WARN_UNUSED_VARIABLE = YES;
				IPHONEOS_DEPLOYMENT_TARGET = 15.5;
				MTL_ENABLE_DEBUG_INFO = NO;
				MTL_FAST_MATH = YES;
				SDKROOT = iphoneos;
				SWIFT_COMPILATION_MODE = wholemodule;
				SWIFT_OPTIMIZATION_LEVEL = "-O";
				VALIDATE_PRODUCT = YES;
			};
			name = Release;
		};
		D0797D0A2959913A00B14AC8 /* Debug */ = {
			isa = XCBuildConfiguration;
			buildSettings = {
				ASSETCATALOG_COMPILER_APPICON_NAME = AppIcon;
				ASSETCATALOG_COMPILER_GLOBAL_ACCENT_COLOR_NAME = AccentColor;
				CLANG_ENABLE_OBJC_ARC = NO;
				CODE_SIGN_STYLE = Automatic;
				CURRENT_PROJECT_VERSION = 1;
				DEVELOPMENT_TEAM = 66BU7QGW7Z;
				GENERATE_INFOPLIST_FILE = YES;
				INFOPLIST_FILE = AboutRamen/Info.plist;
				INFOPLIST_KEY_UIApplicationSupportsIndirectInputEvents = YES;
				INFOPLIST_KEY_UILaunchStoryboardName = LaunchScreen;
				INFOPLIST_KEY_UIMainStoryboardFile = Main;
				INFOPLIST_KEY_UISupportedInterfaceOrientations_iPad = "UIInterfaceOrientationPortrait UIInterfaceOrientationPortraitUpsideDown UIInterfaceOrientationLandscapeLeft UIInterfaceOrientationLandscapeRight";
				INFOPLIST_KEY_UISupportedInterfaceOrientations_iPhone = "UIInterfaceOrientationPortrait UIInterfaceOrientationLandscapeLeft UIInterfaceOrientationLandscapeRight";
				LD_RUNPATH_SEARCH_PATHS = (
					"$(inherited)",
					"@executable_path/Frameworks",
				);
				MARKETING_VERSION = 1.0;
				PRODUCT_BUNDLE_IDENTIFIER = stu.inu.201802766.AboutRamen;
				PRODUCT_NAME = "$(TARGET_NAME)";
				SWIFT_EMIT_LOC_STRINGS = YES;
				SWIFT_OBJC_BRIDGING_HEADER = "";
				SWIFT_VERSION = 5.0;
				TARGETED_DEVICE_FAMILY = "1,2";
				VALIDATE_WORKSPACE = YES;
			};
			name = Debug;
		};
		D0797D0B2959913A00B14AC8 /* Release */ = {
			isa = XCBuildConfiguration;
			buildSettings = {
				ASSETCATALOG_COMPILER_APPICON_NAME = AppIcon;
				ASSETCATALOG_COMPILER_GLOBAL_ACCENT_COLOR_NAME = AccentColor;
				CLANG_ENABLE_OBJC_ARC = NO;
				CODE_SIGN_STYLE = Automatic;
				CURRENT_PROJECT_VERSION = 1;
				DEVELOPMENT_TEAM = 66BU7QGW7Z;
				GENERATE_INFOPLIST_FILE = YES;
				INFOPLIST_FILE = AboutRamen/Info.plist;
				INFOPLIST_KEY_UIApplicationSupportsIndirectInputEvents = YES;
				INFOPLIST_KEY_UILaunchStoryboardName = LaunchScreen;
				INFOPLIST_KEY_UIMainStoryboardFile = Main;
				INFOPLIST_KEY_UISupportedInterfaceOrientations_iPad = "UIInterfaceOrientationPortrait UIInterfaceOrientationPortraitUpsideDown UIInterfaceOrientationLandscapeLeft UIInterfaceOrientationLandscapeRight";
				INFOPLIST_KEY_UISupportedInterfaceOrientations_iPhone = "UIInterfaceOrientationPortrait UIInterfaceOrientationLandscapeLeft UIInterfaceOrientationLandscapeRight";
				LD_RUNPATH_SEARCH_PATHS = (
					"$(inherited)",
					"@executable_path/Frameworks",
				);
				MARKETING_VERSION = 1.0;
				PRODUCT_BUNDLE_IDENTIFIER = stu.inu.201802766.AboutRamen;
				PRODUCT_NAME = "$(TARGET_NAME)";
				SWIFT_EMIT_LOC_STRINGS = YES;
				SWIFT_OBJC_BRIDGING_HEADER = "";
				SWIFT_VERSION = 5.0;
				TARGETED_DEVICE_FAMILY = "1,2";
				VALIDATE_WORKSPACE = YES;
			};
			name = Release;
		};
/* End XCBuildConfiguration section */

/* Begin XCConfigurationList section */
		D0797CF02959913900B14AC8 /* Build configuration list for PBXProject "AboutRamen" */ = {
			isa = XCConfigurationList;
			buildConfigurations = (
				D0797D072959913A00B14AC8 /* Debug */,
				D0797D082959913A00B14AC8 /* Release */,
			);
			defaultConfigurationIsVisible = 0;
			defaultConfigurationName = Release;
		};
		D0797D092959913A00B14AC8 /* Build configuration list for PBXNativeTarget "AboutRamen" */ = {
			isa = XCConfigurationList;
			buildConfigurations = (
				D0797D0A2959913A00B14AC8 /* Debug */,
				D0797D0B2959913A00B14AC8 /* Release */,
			);
			defaultConfigurationIsVisible = 0;
			defaultConfigurationName = Release;
		};
/* End XCConfigurationList section */

/* Begin XCRemoteSwiftPackageReference section */
		D01308C329799D6100672422 /* XCRemoteSwiftPackageReference "Alamofire" */ = {
			isa = XCRemoteSwiftPackageReference;
			repositoryURL = "https://github.com/Alamofire/Alamofire";
			requirement = {
				branch = master;
				kind = branch;
			};
		};
		D0E23DDA299F3BE9006C1C7C /* XCRemoteSwiftPackageReference "realm-swift" */ = {
			isa = XCRemoteSwiftPackageReference;
			repositoryURL = "https://github.com/realm/realm-swift.git";
			requirement = {
				kind = upToNextMajorVersion;
				minimumVersion = 10.7.8;
			};
		};
		D0F15DE52988E4AF00A48EE5 /* XCRemoteSwiftPackageReference "Kingfisher" */ = {
			isa = XCRemoteSwiftPackageReference;
			repositoryURL = "https://github.com/onevcat/Kingfisher";
			requirement = {
				kind = upToNextMajorVersion;
				minimumVersion = 7.0.0;
			};
		};
/* End XCRemoteSwiftPackageReference section */

/* Begin XCSwiftPackageProductDependency section */
		D01308C429799D6200672422 /* Alamofire */ = {
			isa = XCSwiftPackageProductDependency;
			package = D01308C329799D6100672422 /* XCRemoteSwiftPackageReference "Alamofire" */;
			productName = Alamofire;
		};
		D0E23DDB299F3BE9006C1C7C /* Realm */ = {
			isa = XCSwiftPackageProductDependency;
			package = D0E23DDA299F3BE9006C1C7C /* XCRemoteSwiftPackageReference "realm-swift" */;
			productName = Realm;
		};
		D0E23DDD299F3BE9006C1C7C /* RealmSwift */ = {
			isa = XCSwiftPackageProductDependency;
			package = D0E23DDA299F3BE9006C1C7C /* XCRemoteSwiftPackageReference "realm-swift" */;
			productName = RealmSwift;
		};
		D0F15DE62988E4AF00A48EE5 /* Kingfisher */ = {
			isa = XCSwiftPackageProductDependency;
			package = D0F15DE52988E4AF00A48EE5 /* XCRemoteSwiftPackageReference "Kingfisher" */;
			productName = Kingfisher;
		};
/* End XCSwiftPackageProductDependency section */
	};
	rootObject = D0797CED2959913900B14AC8 /* Project object */;
}
